
Microsoft Visual Studio Solution File, Format Version 12.00
# Visual Studio Version 17
VisualStudioVersion = 17.6.33829.357
MinimumVisualStudioVersion = 10.0.40219.1
Project("{9A19103F-16F7-4668-BE54-9A1E7A4F7556}") = "ECET230Lab7USBMeadow", "ECET230Lab7USBMeadow\ECET230Lab7USBMeadow.csproj", "{5F1EFD36-9CE8-401C-922C-8441C7234246}"
EndProject
Project("{9A19103F-16F7-4668-BE54-9A1E7A4F7556}") = "ECET230Lab7USBDesktop", "ECET230Lab7USBDesktop\ECET230Lab7USBDesktop.csproj", "{7CC2FAA6-83E7-472C-93F3-084F96988A80}"
EndProject
Global
	GlobalSection(SolutionConfigurationPlatforms) = preSolution
		Debug|Any CPU = Debug|Any CPU
		Release|Any CPU = Release|Any CPU
	EndGlobalSection
	GlobalSection(ProjectConfigurationPlatforms) = postSolution
		{5F1EFD36-9CE8-401C-922C-8441C7234246}.Debug|Any CPU.ActiveCfg = Debug|Any CPU
		{5F1EFD36-9CE8-401C-922C-8441C7234246}.Debug|Any CPU.Build.0 = Debug|Any CPU
		{5F1EFD36-9CE8-401C-922C-8441C7234246}.Release|Any CPU.ActiveCfg = Release|Any CPU
		{5F1EFD36-9CE8-401C-922C-8441C7234246}.Release|Any CPU.Build.0 = Release|Any CPU
		{7CC2FAA6-83E7-472C-93F3-084F96988A80}.Debug|Any CPU.ActiveCfg = Debug|Any CPU
		{7CC2FAA6-83E7-472C-93F3-084F96988A80}.Debug|Any CPU.Build.0 = Debug|Any CPU
		{7CC2FAA6-83E7-472C-93F3-084F96988A80}.Debug|Any CPU.Deploy.0 = Debug|Any CPU
		{7CC2FAA6-83E7-472C-93F3-084F96988A80}.Release|Any CPU.ActiveCfg = Release|Any CPU
		{7CC2FAA6-83E7-472C-93F3-084F96988A80}.Release|Any CPU.Build.0 = Release|Any CPU
	EndGlobalSection
	GlobalSection(SolutionProperties) = preSolution
		HideSolutionNode = FALSE
	EndGlobalSection
	GlobalSection(ExtensibilityGlobals) = postSolution
		SolutionGuid = {521D7C40-37DE-4CAE-A517-E9F7C12768E4}
	EndGlobalSection
EndGlobal
